# This file is autogenerated, do not edit; changes may be undone by the next 'dep ensure'.


[[projects]]
  name = "github.com/go-ini/ini"
  packages = ["."]
  revision = "06f5f3d67269ccec1fe5fe4134ba6e982984f7f5"
  version = "v1.37.0"

[[projects]]
  branch = "master"
  name = "github.com/gwaylib/errors"
  packages = ["."]
  revision = "fc77c9a1dcb3e74870e1f8b659da2ae18afbc06b"

[solve-meta]
  analyzer-name = "dep"
  analyzer-version = 1
  inputs-digest = "bdc7d07b3fb1e0b517e29e938bbed3d406ccb7d1791b8273492191208a31ae86"
  solver-name = "gps-cdcl"
  solver-version = 1
